
Microsoft Visual Studio Solution File, Format Version 12.00
# Visual Studio Version 17
VisualStudioVersion = 17.9.34728.123
MinimumVisualStudioVersion = 10.0.40219.1
Project("{FAE04EC0-301F-11D3-BF4B-00C04F79EFBC}") = "PasswordManager", "PasswordManager.csproj", "{6297649C-7451-4970-A5CC-222235C1A15B}"
EndProject
Global
	GlobalSection(SolutionConfigurationPlatforms) = preSolution
		Debug|Any CPU = Debug|Any CPU
		Release|Any CPU = Release|Any CPU
	EndGlobalSection
	GlobalSection(ProjectConfigurationPlatforms) = postSolution
		{6297649C-7451-4970-A5CC-222235C1A15B}.Debug|Any CPU.ActiveCfg = Debug|Any CPU
		{6297649C-7451-4970-A5CC-222235C1A15B}.Debug|Any CPU.Build.0 = Debug|Any CPU
		{6297649C-7451-4970-A5CC-222235C1A15B}.Release|Any CPU.ActiveCfg = Release|Any CPU
		{6297649C-7451-4970-A5CC-222235C1A15B}.Release|Any CPU.Build.0 = Release|Any CPU
	EndGlobalSection
	GlobalSection(SolutionProperties) = preSolution
		HideSolutionNode = FALSE
	EndGlobalSection
	GlobalSection(ExtensibilityGlobals) = postSolution
		SolutionGuid = {CD00E760-4462-403E-9AF6-FE88EAAE7E7E}
	EndGlobalSection
EndGlobal
